{
  "name": "githubhook",
  "version": "1.9.3",
  "lockfileVersion": 1,
  "requires": true,
  "dependencies": {
    "@types/docopt": {
      "version": "0.6.31",
      "resolved": "https://registry.npmjs.org/@types/docopt/-/docopt-0.6.31.tgz",
      "integrity": "sha512-GvX4PhD2u/JV+BmPFXfR8F3cez8cV7WdlTzLA0gB/ckYMMmI2voIKdW3CoKC7dj1K08YC8/M5oACLj410A96fQ=="
    },
    "@types/node": {
      "version": "8.0.51",
      "resolved": "https://registry.npmjs.org/@types/node/-/node-8.0.51.tgz",
      "integrity": "sha512-El3+WJk2D/ppWNd2X05aiP5l2k4EwF7KwheknQZls+I26eSICoWRhRIJ56jGgw2dqNGQ5LtNajmBU2ajS28EvQ=="
    },
    "docopt": {
      "version": "0.6.2",
      "resolved": "https://registry.npmjs.org/docopt/-/docopt-0.6.2.tgz",
      "integrity": "sha1-so6eIiDaXsSffqW7JKR3h0Be6xE="
    }
  }
}
